# THIS IS AN AUTOGENERATED FILE. DO NOT EDIT THIS FILE DIRECTLY.
# yarn lockfile v1


"@terraformer/arcgis@^2.0.7":
  version "2.0.7"
  resolved "https://registry.npm.taobao.org/@terraformer/arcgis/download/@terraformer/arcgis-2.0.7.tgz#617e6056a64b7328d4827702d64d0ccfc2e96d17"
  integrity sha1-YX5gVqZLcyjUgncC1k0Mz8LpbRc=
  dependencies:
    "@terraformer/common" "^2.0.7"

"@terraformer/common@^2.0.7":
  version "2.0.7"
  resolved "https://registry.npm.taobao.org/@terraformer/common/download/@terraformer/common-2.0.7.tgz#bec626f331b9f0cc3aefb16f9f88e2d3684107ff"
  integrity sha1-vsYm8zG58Mw677Fvn4ji02hBB/8=

affine-hull@^1.0.0:
  version "1.0.0"
  resolved "https://registry.npm.taobao.org/affine-hull/download/affine-hull-1.0.0.tgz#763ff1d38d063ceb7e272f17ee4d7bbcaf905c5d"
  integrity sha1-dj/x040GPOt+Jy8X7k17vK+QXF0=
  dependencies:
    robust-orientation "^1.1.3"

bit-twiddle@^1.0.0:
  version "1.0.2"
  resolved "https://registry.npm.taobao.org/bit-twiddle/download/bit-twiddle-1.0.2.tgz#0c6c1fabe2b23d17173d9a61b7b7093eb9e1769e"
  integrity sha1-DGwfq+KyPRcXPZpht7cJPrnhdp4=

cesium@1.57:
  version "1.57.0"
  resolved "https://registry.npm.taobao.org/cesium/download/cesium-1.57.0.tgz#de5c6a8b2735ffcc41f8e41240811c71e8346842"
  integrity sha1-3lxqiyc1/8xB+OQSQIEcceg0aEI=
  dependencies:
    requirejs "^2.3.2"

convex-hull@^1.0.3:
  version "1.0.3"
  resolved "https://registry.npm.taobao.org/convex-hull/download/convex-hull-1.0.3.tgz#20a3aa6ce87f4adea2ff7d17971c9fc1c67e1fff"
  integrity sha1-IKOqbOh/St6i/30XlxyfwcZ+H/8=
  dependencies:
    affine-hull "^1.0.0"
    incremental-convex-hull "^1.0.1"
    monotone-convex-hull-2d "^1.0.1"

earcut@^2.0.0:
  version "2.2.2"
  resolved "https://registry.npm.taobao.org/earcut/download/earcut-2.2.2.tgz#41b0bc35f63e0fe80da7cddff28511e7e2e80d11"
  integrity sha1-QbC8NfY+D+gNp83f8oUR5+LoDRE=

echarts@^4.8.0:
  version "4.8.0"
  resolved "https://registry.npm.taobao.org/echarts/download/echarts-4.8.0.tgz#b2c1cfb9229b13d368ee104fc8eea600b574d4c4"
  integrity sha1-ssHPuSKbE9No7hBPyO6mALV01MQ=
  dependencies:
    zrender "4.3.1"

esri-leaflet@^2.5.0:
  version "2.5.0"
  resolved "https://registry.npm.taobao.org/esri-leaflet/download/esri-leaflet-2.5.0.tgz#ab800a57903fabdf7d9d84715b55546f976a3683"
  integrity sha1-q4AKV5A/q999nYRxW1VUb5dqNoM=
  dependencies:
    "@terraformer/arcgis" "^2.0.7"
    tiny-binary-search "^1.0.3"

geojson-area@^0.2.1:
  version "0.2.1"
  resolved "https://registry.npm.taobao.org/geojson-area/download/geojson-area-0.2.1.tgz#2537b0982db86309f21d2c428a4257c7a6282cc6"
  integrity sha1-JTewmC24YwnyHSxCikJXx6YoLMY=
  dependencies:
    wgs84 "0.0.0"

geojson-normalize@0.0.0:
  version "0.0.0"
  resolved "https://registry.npm.taobao.org/geojson-normalize/download/geojson-normalize-0.0.0.tgz#2dbc3678cd1b31b8179e876bda70cd120dde35c0"
  integrity sha1-Lbw2eM0bMbgXnodr2nDNEg3eNcA=

geojson-random@^0.2.2:
  version "0.2.2"
  resolved "https://registry.npm.taobao.org/geojson-random/download/geojson-random-0.2.2.tgz#ab4838f126adc5e16f8f94e655def820f9119dbc"
  integrity sha1-q0g48SatxeFvj5TmVd74IPkRnbw=

incremental-convex-hull@^1.0.1:
  version "1.0.1"
  resolved "https://registry.npm.taobao.org/incremental-convex-hull/download/incremental-convex-hull-1.0.1.tgz#51428c14cb9d9a6144bfe69b2851fb377334be1e"
  integrity sha1-UUKMFMudmmFEv+abKFH7N3M0vh4=
  dependencies:
    robust-orientation "^1.1.2"
    simplicial-complex "^1.0.0"

jquery@^3.5.1:
  version "3.5.1"
  resolved "https://registry.npm.taobao.org/jquery/download/jquery-3.5.1.tgz#d7b4d08e1bfdb86ad2f1a3d039ea17304717abb5"
  integrity sha1-17TQjhv9uGrS8aPQOeoXMEcXq7U=

jsts@1.1.2:
  version "1.1.2"
  resolved "https://registry.npm.taobao.org/jsts/download/jsts-1.1.2.tgz#d205d2cc8393081d9e484ae36282110695edc230"
  integrity sha1-0gXSzIOTCB2eSErjYoIRBpXtwjA=

leaflet@^1.6.0:
  version "1.6.0"
  resolved "https://registry.npm.taobao.org/leaflet/download/leaflet-1.6.0.tgz#aecbb044b949ec29469eeb31c77a88e2f448f308"
  integrity sha1-rsuwRLlJ7ClGnusxx3qI4vRI8wg=

minimist@^1.1.0:
  version "1.2.5"
  resolved "https://registry.npm.taobao.org/minimist/download/minimist-1.2.5.tgz#67d66014b66a6a8aaa0c083c5fd58df4e4e97602"
  integrity sha1-Z9ZgFLZqaoqqDAg8X9WN9OTpdgI=

monotone-convex-hull-2d@^1.0.1:
  version "1.0.1"
  resolved "https://registry.npm.taobao.org/monotone-convex-hull-2d/download/monotone-convex-hull-2d-1.0.1.tgz#47f5daeadf3c4afd37764baa1aa8787a40eee08c"
  integrity sha1-R/Xa6t88Sv03dkuqGqh4ekDu4Iw=
  dependencies:
    robust-orientation "^1.1.3"

requirejs@^2.3.2:
  version "2.3.6"
  resolved "https://registry.npm.taobao.org/requirejs/download/requirejs-2.3.6.tgz#e5093d9601c2829251258c0b9445d4d19fa9e7c9"
  integrity sha1-5Qk9lgHCgpJRJYwLlEXU0Z+p58k=

robust-orientation@^1.1.2, robust-orientation@^1.1.3:
  version "1.1.3"
  resolved "https://registry.npm.taobao.org/robust-orientation/download/robust-orientation-1.1.3.tgz#daff5b00d3be4e60722f0e9c0156ef967f1c2049"
  integrity sha1-2v9bANO+TmByLw6cAVbvln8cIEk=
  dependencies:
    robust-scale "^1.0.2"
    robust-subtract "^1.0.0"
    robust-sum "^1.0.0"
    two-product "^1.0.2"

robust-scale@^1.0.2:
  version "1.0.2"
  resolved "https://registry.npm.taobao.org/robust-scale/download/robust-scale-1.0.2.tgz#775132ed09542d028e58b2cc79c06290bcf78c32"
  integrity sha1-d1Ey7QlULQKOWLLMecBikLz3jDI=
  dependencies:
    two-product "^1.0.2"
    two-sum "^1.0.0"

robust-subtract@^1.0.0:
  version "1.0.0"
  resolved "https://registry.npm.taobao.org/robust-subtract/download/robust-subtract-1.0.0.tgz#e0b164e1ed8ba4e3a5dda45a12038348dbed3e9a"
  integrity sha1-4LFk4e2LpOOl3aRaEgODSNvtPpo=

robust-sum@^1.0.0:
  version "1.0.0"
  resolved "https://registry.npm.taobao.org/robust-sum/download/robust-sum-1.0.0.tgz#16646e525292b4d25d82757a286955e0bbfa53d9"
  integrity sha1-FmRuUlKStNJdgnV6KGlV4Lv6U9k=

simplicial-complex@^1.0.0:
  version "1.0.0"
  resolved "https://registry.npm.taobao.org/simplicial-complex/download/simplicial-complex-1.0.0.tgz#6c33a4ed69fcd4d91b7bcadd3b30b63683eae241"
  integrity sha1-bDOk7Wn81Nkbe8rdOzC2NoPq4kE=
  dependencies:
    bit-twiddle "^1.0.0"
    union-find "^1.0.0"

simplify-js@^1.2.1:
  version "1.2.4"
  resolved "https://registry.npm.taobao.org/simplify-js/download/simplify-js-1.2.4.tgz#7aab22d6df547ffd40ef0761ccd82b75287d45c7"
  integrity sha1-eqsi1t9Uf/1A7wdhzNgrdSh9Rcc=

tiny-binary-search@^1.0.3:
  version "1.0.3"
  resolved "https://registry.npm.taobao.org/tiny-binary-search/download/tiny-binary-search-1.0.3.tgz#9d52e3d16dd1171eb74486caf704ba08c0c62186"
  integrity sha1-nVLj0W3RFx63RIbK9wS6CMDGIYY=

turf-along@^3.0.12:
  version "3.0.12"
  resolved "https://registry.npm.taobao.org/turf-along/download/turf-along-3.0.12.tgz#e622bde7a4bd138c09647d4b14aa0ea700485de6"
  integrity sha1-5iK956S9E4wJZH1LFKoOpwBIXeY=
  dependencies:
    turf-bearing "^3.0.12"
    turf-destination "^3.0.12"
    turf-distance "^3.0.12"
    turf-helpers "^3.0.12"

turf-area@^3.0.12:
  version "3.0.12"
  resolved "https://registry.npm.taobao.org/turf-area/download/turf-area-3.0.12.tgz#9b7e469ef9fb558fd147bb0c214823263bdbf13c"
  integrity sha1-m35Gnvn7VY/RR7sMIUgjJjvb8Tw=
  dependencies:
    geojson-area "^0.2.1"

turf-bbox-polygon@^3.0.12:
  version "3.0.12"
  resolved "https://registry.npm.taobao.org/turf-bbox-polygon/download/turf-bbox-polygon-3.0.12.tgz#330dc0bb38322d61545df966ce6c80f685acf4f2"
  integrity sha1-Mw3AuzgyLWFUXflmzmyA9oWs9PI=
  dependencies:
    turf-helpers "^3.0.12"

turf-bbox@^3.0.12:
  version "3.0.12"
  resolved "https://registry.npm.taobao.org/turf-bbox/download/turf-bbox-3.0.12.tgz#3fa06117c8443860ec80ac60fd5d2f1320bfb1be"
  integrity sha1-P6BhF8hEOGDsgKxg/V0vEyC/sb4=
  dependencies:
    turf-meta "^3.0.12"

turf-bearing@^3.0.12:
  version "3.0.12"
  resolved "https://registry.npm.taobao.org/turf-bearing/download/turf-bearing-3.0.12.tgz#65f609dd850e7364c7771aa6ded87b0e1917fd20"
  integrity sha1-ZfYJ3YUOc2THdxqm3th7DhkX/SA=
  dependencies:
    turf-invariant "^3.0.12"

turf-bezier@^3.0.12:
  version "3.0.12"
  resolved "https://registry.npm.taobao.org/turf-bezier/download/turf-bezier-3.0.12.tgz#102efdd4a63b265ee9c8c1727631920b36f4dd02"
  integrity sha1-EC791KY7Jl7pyMFydjGSCzb03QI=
  dependencies:
    turf-helpers "^3.0.12"

turf-buffer@^3.0.12:
  version "3.0.12"
  resolved "https://registry.npm.taobao.org/turf-buffer/download/turf-buffer-3.0.12.tgz#20840fe7c6aa67b24be1cab7ffcc5a82fd6bd971"
  integrity sha1-IIQP58aqZ7JL4cq3/8xagv1r2XE=
  dependencies:
    geojson-normalize "0.0.0"
    jsts "1.1.2"
    turf-combine "^3.0.12"
    turf-helpers "^3.0.12"

turf-center@^3.0.12:
  version "3.0.12"
  resolved "https://registry.npm.taobao.org/turf-center/download/turf-center-3.0.12.tgz#45dd6c1729bb867291e3e002e9c7506f8c440196"
  integrity sha1-Rd1sFym7hnKR4+AC6cdQb4xEAZY=
  dependencies:
    turf-bbox "^3.0.12"
    turf-helpers "^3.0.12"

turf-centroid@^3.0.12:
  version "3.0.12"
  resolved "https://registry.npm.taobao.org/turf-centroid/download/turf-centroid-3.0.12.tgz#eaee0d698204b57fc33994bb1bc867b8da293f8f"
  integrity sha1-6u4NaYIEtX/DOZS7G8hnuNopP48=
  dependencies:
    turf-helpers "^3.0.12"
    turf-meta "^3.0.12"

turf-circle@^3.0.12:
  version "3.0.12"
  resolved "https://registry.npm.taobao.org/turf-circle/download/turf-circle-3.0.12.tgz#140b21cb4950f2d3cbc70d2df012936867f58930"
  integrity sha1-FAshy0lQ8tPLxw0t8BKTaGf1iTA=
  dependencies:
    turf-destination "^3.0.12"
    turf-helpers "^3.0.12"

turf-collect@^3.0.12:
  version "3.0.12"
  resolved "https://registry.npm.taobao.org/turf-collect/download/turf-collect-3.0.12.tgz#6e986d1a707da319cc83e7238d0bcdf19aa3c7f2"
  integrity sha1-bphtGnB9oxnMg+cjjQvN8Zqjx/I=
  dependencies:
    turf-inside "^3.0.12"

turf-combine@^3.0.12:
  version "3.0.12"
  resolved "https://registry.npm.taobao.org/turf-combine/download/turf-combine-3.0.12.tgz#1670746f0fdce0d1ea8aa6a29ffe5438d446cf73"
  integrity sha1-FnB0bw/c4NHqiqain/5UONRGz3M=
  dependencies:
    turf-meta "^3.0.12"

turf-concave@^3.0.12:
  version "3.0.12"
  resolved "https://registry.npm.taobao.org/turf-concave/download/turf-concave-3.0.12.tgz#fcab6056965b0a8319f6cd802601095f2fd3a8eb"
  integrity sha1-/KtgVpZbCoMZ9s2AJgEJXy/TqOs=
  dependencies:
    turf-distance "^3.0.12"
    turf-meta "^3.0.12"
    turf-tin "^3.0.12"
    turf-union "^3.0.12"

turf-convex@^3.0.12:
  version "3.0.12"
  resolved "https://registry.npm.taobao.org/turf-convex/download/turf-convex-3.0.12.tgz#a88ddc3e22d1cb658796a9c85d3ada3bd3eca357"
  integrity sha1-qI3cPiLRy2WHlqnIXTraO9Pso1c=
  dependencies:
    convex-hull "^1.0.3"
    turf-helpers "^3.0.12"
    turf-meta "^3.0.12"

turf-destination@^3.0.12:
  version "3.0.12"
  resolved "https://registry.npm.taobao.org/turf-destination/download/turf-destination-3.0.12.tgz#7dd6fbf97e86f831a26c83ef2d5a2f8d1d8a6de2"
  integrity sha1-fdb7+X6G+DGibIPvLVovjR2KbeI=
  dependencies:
    turf-helpers "^3.0.12"
    turf-invariant "^3.0.12"

turf-difference@^3.0.12:
  version "3.0.12"
  resolved "https://registry.npm.taobao.org/turf-difference/download/turf-difference-3.0.12.tgz#9c3d0d7630421005b8b25b7f068ed9efb4bc6ea7"
  integrity sha1-nD0NdjBCEAW4slt/Bo7Z77S8bqc=
  dependencies:
    jsts "1.1.2"
    turf-helpers "^3.0.12"

turf-distance@^3.0.12:
  version "3.0.12"
  resolved "https://registry.npm.taobao.org/turf-distance/download/turf-distance-3.0.12.tgz#fb97b8705facd993b145e014b41862610eeca449"
  integrity sha1-+5e4cF+s2ZOxReAUtBhiYQ7spEk=
  dependencies:
    turf-helpers "^3.0.12"
    turf-invariant "^3.0.12"

turf-envelope@^3.0.12:
  version "3.0.12"
  resolved "https://registry.npm.taobao.org/turf-envelope/download/turf-envelope-3.0.12.tgz#96921d278cc8c664692e320e2543b914080d786b"
  integrity sha1-lpIdJ4zIxmRpLjIOJUO5FAgNeGs=
  dependencies:
    turf-bbox "^3.0.12"
    turf-bbox-polygon "^3.0.12"

turf-explode@^3.0.12:
  version "3.0.12"
  resolved "https://registry.npm.taobao.org/turf-explode/download/turf-explode-3.0.12.tgz#c5ae28c284cd006c56511ec7d408c48a5414ecfe"
  integrity sha1-xa4owoTNAGxWUR7H1AjEilQU7P4=
  dependencies:
    turf-helpers "^3.0.12"
    turf-meta "^3.0.12"

turf-flip@^3.0.12:
  version "3.0.12"
  resolved "https://registry.npm.taobao.org/turf-flip/download/turf-flip-3.0.12.tgz#deb868177b9ff3bb310c5d41aaac61a9156a3cbb"
  integrity sha1-3rhoF3uf87sxDF1BqqxhqRVqPLs=
  dependencies:
    turf-meta "^3.0.12"

turf-grid@1.0.1:
  version "1.0.1"
  resolved "https://registry.npm.taobao.org/turf-grid/download/turf-grid-1.0.1.tgz#b904abc564b939b627a66ac15eb16e053829b80f"
  integrity sha1-uQSrxWS5ObYnpmrBXrFuBTgpuA8=
  dependencies:
    turf-point "^2.0.0"

turf-helpers@^3.0.12:
  version "3.0.12"
  resolved "https://registry.npm.taobao.org/turf-helpers/download/turf-helpers-3.0.12.tgz#dd4272e74b3ad7c96eecb7ae5c57fe8eca544b7b"
  integrity sha1-3UJy50s618lu7LeuXFf+jspUS3s=

turf-hex-grid@^3.0.12:
  version "3.0.12"
  resolved "https://registry.npm.taobao.org/turf-hex-grid/download/turf-hex-grid-3.0.12.tgz#0698ef669020bb31d8e9cc2056d0abfcafc84e8f"
  integrity sha1-BpjvZpAguzHY6cwgVtCr/K/ITo8=
  dependencies:
    turf-distance "^3.0.12"
    turf-helpers "^3.0.12"

turf-inside@^3.0.12:
  version "3.0.12"
  resolved "https://registry.npm.taobao.org/turf-inside/download/turf-inside-3.0.12.tgz#9ba40fa6eed63bec7e7d88aa6427622c4df07066"
  integrity sha1-m6QPpu7WO+x+fYiqZCdiLE3wcGY=
  dependencies:
    turf-invariant "^3.0.12"

turf-intersect@^3.0.12:
  version "3.0.12"
  resolved "https://registry.npm.taobao.org/turf-intersect/download/turf-intersect-3.0.12.tgz#c0d7fb305843a19275670057a39d268b17830d83"
  integrity sha1-wNf7MFhDoZJ1ZwBXo50mixeDDYM=
  dependencies:
    jsts "1.1.2"

turf-invariant@^3.0.12:
  version "3.0.12"
  resolved "https://registry.npm.taobao.org/turf-invariant/download/turf-invariant-3.0.12.tgz#3b95253953991ebd962dd35d4f6704c287de8ebe"
  integrity sha1-O5UlOVOZHr2WLdNdT2cEwofejr4=

turf-isolines@^3.0.12:
  version "3.0.12"
  resolved "https://registry.npm.taobao.org/turf-isolines/download/turf-isolines-3.0.12.tgz#00b233dfe2eebd4ecb47a94fc923c6ecec89c7ab"
  integrity sha1-ALIz3+LuvU7LR6lPySPG7OyJx6s=
  dependencies:
    turf-bbox "^3.0.12"
    turf-grid "1.0.1"
    turf-helpers "^3.0.12"
    turf-inside "^3.0.12"
    turf-planepoint "^3.0.12"
    turf-square "^3.0.12"
    turf-tin "^3.0.12"

turf-kinks@^3.0.12:
  version "3.0.12"
  resolved "https://registry.npm.taobao.org/turf-kinks/download/turf-kinks-3.0.12.tgz#e9c9a8dba5724d98f2350fc5bdeba069ec333755"
  integrity sha1-6cmo26VyTZjyNQ/FveugaewzN1U=
  dependencies:
    turf-helpers "^3.0.12"

turf-line-distance@^3.0.12:
  version "3.0.12"
  resolved "https://registry.npm.taobao.org/turf-line-distance/download/turf-line-distance-3.0.12.tgz#7108f5b26907f7b8c2dd1b3997866dd3a60e8f5f"
  integrity sha1-cQj1smkH97jC3Rs5l4Zt06YOj18=
  dependencies:
    turf-distance "^3.0.12"
    turf-helpers "^3.0.12"

turf-line-slice@^3.0.12:
  version "3.0.12"
  resolved "https://registry.npm.taobao.org/turf-line-slice/download/turf-line-slice-3.0.12.tgz#f5f1accc92adae69ea1ac0b29f07529a28dde916"
  integrity sha1-9fGszJKtrmnqGsCynwdSmijd6RY=
  dependencies:
    turf-bearing "^3.0.12"
    turf-destination "^3.0.12"
    turf-distance "^3.0.12"
    turf-helpers "^3.0.12"
    turf-point-on-line "^3.0.12"

turf-meta@^3.0.12:
  version "3.0.12"
  resolved "https://registry.npm.taobao.org/turf-meta/download/turf-meta-3.0.12.tgz#0aa9a1caf82b2a5a08d54e0830b5b5a3fa0e8a38"
  integrity sha1-CqmhyvgrKloI1U4IMLW1o/oOijg=

turf-midpoint@^3.0.12:
  version "3.0.12"
  resolved "https://registry.npm.taobao.org/turf-midpoint/download/turf-midpoint-3.0.12.tgz#b12765ae89acdee8556fd5e26c9c5fa041a02cbe"
  integrity sha1-sSdlroms3uhVb9XibJxfoEGgLL4=
  dependencies:
    turf-bearing "^3.0.12"
    turf-destination "^3.0.12"
    turf-distance "^3.0.12"
    turf-invariant "^3.0.12"

turf-nearest@^3.0.12:
  version "3.0.12"
  resolved "https://registry.npm.taobao.org/turf-nearest/download/turf-nearest-3.0.12.tgz#700207f4443f05096f86cd246f929f170dfaf46d"
  integrity sha1-cAIH9EQ/BQlvhs0kb5KfFw369G0=
  dependencies:
    turf-distance "^3.0.12"

turf-planepoint@^3.0.12:
  version "3.0.12"
  resolved "https://registry.npm.taobao.org/turf-planepoint/download/turf-planepoint-3.0.12.tgz#2c37ae0f17fcb30db6e38f0d59ee6c0dd6caa9af"
  integrity sha1-LDeuDxf8sw22448NWe5sDdbKqa8=

turf-point-grid@^3.0.12:
  version "3.0.12"
  resolved "https://registry.npm.taobao.org/turf-point-grid/download/turf-point-grid-3.0.12.tgz#d604978be10bc9e53306ae02cef7098431db4971"
  integrity sha1-1gSXi+ELyeUzBq4CzvcJhDHbSXE=
  dependencies:
    turf-distance "^3.0.12"
    turf-helpers "^3.0.12"

turf-point-on-line@^3.0.12:
  version "3.0.12"
  resolved "https://registry.npm.taobao.org/turf-point-on-line/download/turf-point-on-line-3.0.12.tgz#1d8663354e70372db1863e6253e9040c47127b0f"
  integrity sha1-HYZjNU5wNy2xhj5iU+kEDEcSew8=
  dependencies:
    turf-bearing "^3.0.12"
    turf-destination "^3.0.12"
    turf-distance "^3.0.12"
    turf-helpers "^3.0.12"

turf-point-on-surface@^3.0.12:
  version "3.0.12"
  resolved "https://registry.npm.taobao.org/turf-point-on-surface/download/turf-point-on-surface-3.0.12.tgz#9be505b6b0ba78e98565001de3b3a4267115240a"
  integrity sha1-m+UFtrC6eOmFZQAd47OkJnEVJAo=
  dependencies:
    turf-center "^3.0.12"
    turf-distance "^3.0.12"
    turf-explode "^3.0.12"
    turf-helpers "^3.0.12"
    turf-inside "^3.0.12"

turf-point@^2.0.0:
  version "2.0.1"
  resolved "https://registry.npm.taobao.org/turf-point/download/turf-point-2.0.1.tgz#a2dcc30a2d20f44cf5c6271df7bae2c0e2146069"
  integrity sha1-otzDCi0g9Ez1xicd97riwOIUYGk=
  dependencies:
    minimist "^1.1.0"

turf-random@^3.0.12:
  version "3.0.12"
  resolved "https://registry.npm.taobao.org/turf-random/download/turf-random-3.0.12.tgz#34dbb141c3f1eaeae1424fd6c5eaba1f6fb9b1e8"
  integrity sha1-NNuxQcPx6urhQk/Wxeq6H2+5seg=
  dependencies:
    geojson-random "^0.2.2"

turf-sample@^3.0.12:
  version "3.0.12"
  resolved "https://registry.npm.taobao.org/turf-sample/download/turf-sample-3.0.12.tgz#7949f8620612047e1314c1ced87e99c142463cd2"
  integrity sha1-eUn4YgYSBH4TFMHO2H6ZwUJGPNI=
  dependencies:
    turf-helpers "^3.0.12"

turf-simplify@^3.0.12:
  version "3.0.12"
  resolved "https://registry.npm.taobao.org/turf-simplify/download/turf-simplify-3.0.12.tgz#85e443c8b46aa2b7526389444c7381daa2ad19e7"
  integrity sha1-heRDyLRqordSY4lETHOB2qKtGec=
  dependencies:
    simplify-js "^1.2.1"

turf-square-grid@^3.0.12:
  version "3.0.12"
  resolved "https://registry.npm.taobao.org/turf-square-grid/download/turf-square-grid-3.0.12.tgz#3c1d80ac14556c6813b478bda012512ed4b93ec8"
  integrity sha1-PB2ArBRVbGgTtHi9oBJRLtS5Psg=
  dependencies:
    turf-distance "^3.0.12"
    turf-helpers "^3.0.12"

turf-square@^3.0.12:
  version "3.0.12"
  resolved "https://registry.npm.taobao.org/turf-square/download/turf-square-3.0.12.tgz#1a38b1e0fb05ffe0fcaa43188e2f37942a515b64"
  integrity sha1-Gjix4PsF/+D8qkMYji83lCpRW2Q=
  dependencies:
    turf-distance "^3.0.12"
    turf-helpers "^3.0.12"

turf-tag@^3.0.12:
  version "3.0.12"
  resolved "https://registry.npm.taobao.org/turf-tag/download/turf-tag-3.0.12.tgz#2284fff0e8a1e92a27d4ac7fd7471b3c48ddd1a8"
  integrity sha1-IoT/8Oih6Son1Kx/10cbPEjd0ag=
  dependencies:
    turf-inside "^3.0.12"

turf-tesselate@^3.0.12:
  version "3.0.12"
  resolved "https://registry.npm.taobao.org/turf-tesselate/download/turf-tesselate-3.0.12.tgz#41474b7b5b3820bcf273fb71e1894d8c3cd40d35"
  integrity sha1-QUdLe1s4ILzyc/tx4YlNjDzUDTU=
  dependencies:
    earcut "^2.0.0"
    turf-helpers "^3.0.12"

turf-tin@^3.0.12:
  version "3.0.12"
  resolved "https://registry.npm.taobao.org/turf-tin/download/turf-tin-3.0.12.tgz#b6534644763ace1c9df241c958d2384855257385"
  integrity sha1-tlNGRHY6zhyd8kHJWNI4SFUlc4U=
  dependencies:
    turf-helpers "^3.0.12"

turf-triangle-grid@^3.0.12:
  version "3.0.12"
  resolved "https://registry.npm.taobao.org/turf-triangle-grid/download/turf-triangle-grid-3.0.12.tgz#80647e57dafe09346879a29a18a0e6294acf1159"
  integrity sha1-gGR+V9r+CTRoeaKaGKDmKUrPEVk=
  dependencies:
    turf-distance "^3.0.12"
    turf-helpers "^3.0.12"

turf-union@^3.0.12:
  version "3.0.12"
  resolved "https://registry.npm.taobao.org/turf-union/download/turf-union-3.0.12.tgz#dfed0e5540b8c2855e4994c14621e3a60c829c8e"
  integrity sha1-3+0OVUC4woVeSZTBRiHjpgyCnI4=
  dependencies:
    jsts "1.1.2"

turf-within@^3.0.12:
  version "3.0.12"
  resolved "https://registry.npm.taobao.org/turf-within/download/turf-within-3.0.12.tgz#f77eeaf377238561b7fb1338e76e9d1298741f94"
  integrity sha1-937q83cjhWG3+xM4526dEph0H5Q=
  dependencies:
    turf-helpers "^3.0.12"
    turf-inside "^3.0.12"

turf@^3.0.14:
  version "3.0.14"
  resolved "https://registry.npm.taobao.org/turf/download/turf-3.0.14.tgz#eb2f4a80a2d583b8c6486bc7b5c7190466866c27"
  integrity sha1-6y9KgKLVg7jGSGvHtccZBGaGbCc=
  dependencies:
    turf-along "^3.0.12"
    turf-area "^3.0.12"
    turf-bbox "^3.0.12"
    turf-bbox-polygon "^3.0.12"
    turf-bearing "^3.0.12"
    turf-bezier "^3.0.12"
    turf-buffer "^3.0.12"
    turf-center "^3.0.12"
    turf-centroid "^3.0.12"
    turf-circle "^3.0.12"
    turf-collect "^3.0.12"
    turf-combine "^3.0.12"
    turf-concave "^3.0.12"
    turf-convex "^3.0.12"
    turf-destination "^3.0.12"
    turf-difference "^3.0.12"
    turf-distance "^3.0.12"
    turf-envelope "^3.0.12"
    turf-explode "^3.0.12"
    turf-flip "^3.0.12"
    turf-helpers "^3.0.12"
    turf-hex-grid "^3.0.12"
    turf-inside "^3.0.12"
    turf-intersect "^3.0.12"
    turf-isolines "^3.0.12"
    turf-kinks "^3.0.12"
    turf-line-distance "^3.0.12"
    turf-line-slice "^3.0.12"
    turf-meta "^3.0.12"
    turf-midpoint "^3.0.12"
    turf-nearest "^3.0.12"
    turf-planepoint "^3.0.12"
    turf-point-grid "^3.0.12"
    turf-point-on-line "^3.0.12"
    turf-point-on-surface "^3.0.12"
    turf-random "^3.0.12"
    turf-sample "^3.0.12"
    turf-simplify "^3.0.12"
    turf-square "^3.0.12"
    turf-square-grid "^3.0.12"
    turf-tag "^3.0.12"
    turf-tesselate "^3.0.12"
    turf-tin "^3.0.12"
    turf-triangle-grid "^3.0.12"
    turf-union "^3.0.12"
    turf-within "^3.0.12"

two-product@^1.0.2:
  version "1.0.2"
  resolved "https://registry.npm.taobao.org/two-product/download/two-product-1.0.2.tgz#67d95d4b257a921e2cb4bd7af9511f9088522eaa"
  integrity sha1-Z9ldSyV6kh4stL16+VEfkIhSLqo=

two-sum@^1.0.0:
  version "1.0.0"
  resolved "https://registry.npm.taobao.org/two-sum/download/two-sum-1.0.0.tgz#31d3f32239e4f731eca9df9155e2b297f008ab64"
  integrity sha1-MdPzIjnk9zHsqd+RVeKyl/AIq2Q=

union-find@^1.0.0:
  version "1.0.2"
  resolved "https://registry.npm.taobao.org/union-find/download/union-find-1.0.2.tgz#292bac415e6ad3a89535d237010db4a536284e58"
  integrity sha1-KSusQV5q06iVNdI3AQ20pTYoTlg=

wgs84@0.0.0:
  version "0.0.0"
  resolved "https://registry.npm.taobao.org/wgs84/download/wgs84-0.0.0.tgz#34fdc555917b6e57cf2a282ed043710c049cdc76"
  integrity sha1-NP3FVZF7blfPKigu0ENxDASc3HY=

zrender@4.3.1:
  version "4.3.1"
  resolved "https://registry.npm.taobao.org/zrender/download/zrender-4.3.1.tgz?cache=0&sync_timestamp=1597683497625&other_urls=https%3A%2F%2Fregistry.npm.taobao.org%2Fzrender%2Fdownload%2Fzrender-4.3.1.tgz#baf8aa6dc8187a2f819692d7d5f9bedfa2b90fa3"
  integrity sha1-uviqbcgYei+BlpLX1fm+36K5D6M=
